
Microsoft Visual Studio Solution File, Format Version 12.00
# Visual Studio Version 17
VisualStudioVersion = 17.8.34112.27
MinimumVisualStudioVersion = 10.0.40219.1
Project("{2150E333-8FDC-42A3-9474-1A3956D46DE8}") = "src", "src", "{E2914F59-5D95-4E00-9876-6F1BC93E8C3B}"
EndProject
Project("{9A19103F-16F7-4668-BE54-9A1E7A4F7556}") = "ApplicationCore", "Application\ApplicationCore.csproj", "{09F0DB57-49C8-4ABB-8135-D2F1EDDB0516}"
EndProject
Project("{9A19103F-16F7-4668-BE54-9A1E7A4F7556}") = "Domain", "Domain\Domain.csproj", "{29B6DC4F-27FD-4906-8A87-491749B9413C}"
EndProject
Project("{9A19103F-16F7-4668-BE54-9A1E7A4F7556}") = "DataAccess", "DataAccess\DataAccess.csproj", "{424100E0-F600-4A8B-A2F1-09890EC6B80D}"
EndProject
Project("{9A19103F-16F7-4668-BE54-9A1E7A4F7556}") = "MinimalWebApi", "MinimalWebApi\MinimalWebApi.csproj", "{7DDC4F25-B1C7-415E-BBDA-B526500795F6}"
EndProject
Project("{9A19103F-16F7-4668-BE54-9A1E7A4F7556}") = "WebApi", "WebApi\WebApi.csproj", "{FA8FE893-CEB0-483B-9B56-44D8A961148F}"
EndProject
Project("{2150E333-8FDC-42A3-9474-1A3956D46DE8}") = "Solution Items", "Solution Items", "{102F37AF-7120-4727-8670-70291F0F2F81}"
	ProjectSection(SolutionItems) = preProject
		.editorconfig = .editorconfig
	EndProjectSection
EndProject
Global
	GlobalSection(SolutionConfigurationPlatforms) = preSolution
		Debug|Any CPU = Debug|Any CPU
		Release|Any CPU = Release|Any CPU
	EndGlobalSection
	GlobalSection(ProjectConfigurationPlatforms) = postSolution
		{09F0DB57-49C8-4ABB-8135-D2F1EDDB0516}.Debug|Any CPU.ActiveCfg = Debug|Any CPU
		{09F0DB57-49C8-4ABB-8135-D2F1EDDB0516}.Debug|Any CPU.Build.0 = Debug|Any CPU
		{09F0DB57-49C8-4ABB-8135-D2F1EDDB0516}.Release|Any CPU.ActiveCfg = Release|Any CPU
		{09F0DB57-49C8-4ABB-8135-D2F1EDDB0516}.Release|Any CPU.Build.0 = Release|Any CPU
		{29B6DC4F-27FD-4906-8A87-491749B9413C}.Debug|Any CPU.ActiveCfg = Debug|Any CPU
		{29B6DC4F-27FD-4906-8A87-491749B9413C}.Debug|Any CPU.Build.0 = Debug|Any CPU
		{29B6DC4F-27FD-4906-8A87-491749B9413C}.Release|Any CPU.ActiveCfg = Release|Any CPU
		{29B6DC4F-27FD-4906-8A87-491749B9413C}.Release|Any CPU.Build.0 = Release|Any CPU
		{424100E0-F600-4A8B-A2F1-09890EC6B80D}.Debug|Any CPU.ActiveCfg = Debug|Any CPU
		{424100E0-F600-4A8B-A2F1-09890EC6B80D}.Debug|Any CPU.Build.0 = Debug|Any CPU
		{424100E0-F600-4A8B-A2F1-09890EC6B80D}.Release|Any CPU.ActiveCfg = Release|Any CPU
		{424100E0-F600-4A8B-A2F1-09890EC6B80D}.Release|Any CPU.Build.0 = Release|Any CPU
		{7DDC4F25-B1C7-415E-BBDA-B526500795F6}.Debug|Any CPU.ActiveCfg = Debug|Any CPU
		{7DDC4F25-B1C7-415E-BBDA-B526500795F6}.Debug|Any CPU.Build.0 = Debug|Any CPU
		{7DDC4F25-B1C7-415E-BBDA-B526500795F6}.Release|Any CPU.ActiveCfg = Release|Any CPU
		{7DDC4F25-B1C7-415E-BBDA-B526500795F6}.Release|Any CPU.Build.0 = Release|Any CPU
		{FA8FE893-CEB0-483B-9B56-44D8A961148F}.Debug|Any CPU.ActiveCfg = Debug|Any CPU
		{FA8FE893-CEB0-483B-9B56-44D8A961148F}.Debug|Any CPU.Build.0 = Debug|Any CPU
		{FA8FE893-CEB0-483B-9B56-44D8A961148F}.Release|Any CPU.ActiveCfg = Release|Any CPU
		{FA8FE893-CEB0-483B-9B56-44D8A961148F}.Release|Any CPU.Build.0 = Release|Any CPU
	EndGlobalSection
	GlobalSection(SolutionProperties) = preSolution
		HideSolutionNode = FALSE
	EndGlobalSection
	GlobalSection(NestedProjects) = preSolution
		{09F0DB57-49C8-4ABB-8135-D2F1EDDB0516} = {E2914F59-5D95-4E00-9876-6F1BC93E8C3B}
		{29B6DC4F-27FD-4906-8A87-491749B9413C} = {E2914F59-5D95-4E00-9876-6F1BC93E8C3B}
		{424100E0-F600-4A8B-A2F1-09890EC6B80D} = {E2914F59-5D95-4E00-9876-6F1BC93E8C3B}
		{7DDC4F25-B1C7-415E-BBDA-B526500795F6} = {E2914F59-5D95-4E00-9876-6F1BC93E8C3B}
		{FA8FE893-CEB0-483B-9B56-44D8A961148F} = {E2914F59-5D95-4E00-9876-6F1BC93E8C3B}
	EndGlobalSection
	GlobalSection(ExtensibilityGlobals) = postSolution
		SolutionGuid = {24A05E6E-7FF9-4A73-91B6-5D5A75828806}
	EndGlobalSection
EndGlobal
